
Microsoft Visual Studio Solution File, Format Version 12.00
# Visual Studio Version 17
VisualStudioVersion = 17.8.34511.84
MinimumVisualStudioVersion = 10.0.40219.1
Project("{FAE04EC0-301F-11D3-BF4B-00C04F79EFBC}") = "CleanArchMvc.Domain", "CleanArchMvc.Domain\CleanArchMvc.Domain.csproj", "{710C3663-83B1-40AA-8850-6C1CCD0031C0}"
EndProject
Project("{FAE04EC0-301F-11D3-BF4B-00C04F79EFBC}") = "CleanArchMvc.Application", "CleanArchMvc.Application\CleanArchMvc.Application.csproj", "{12DE84FD-71FD-47D9-9B94-104A0BB5F7F2}"
EndProject
Project("{FAE04EC0-301F-11D3-BF4B-00C04F79EFBC}") = "CleanArchMvc.Infra.Data", "CleanArchMvc.Infra.Data\CleanArchMvc.Infra.Data.csproj", "{6145CEEB-4E92-4E17-B50B-2AA2440CD05E}"
EndProject
Project("{FAE04EC0-301F-11D3-BF4B-00C04F79EFBC}") = "CleanArchMvc.Infra.Ioc", "CleanArchMvc.Infra.Ioc\CleanArchMvc.Infra.Ioc.csproj", "{74DD9BB5-AE6F-46A7-BADE-0C7EC33313A9}"
EndProject
Project("{FAE04EC0-301F-11D3-BF4B-00C04F79EFBC}") = "CleanArchMvc.WebUI", "CleanArchMvc.WebUI\CleanArchMvc.WebUI.csproj", "{E434A100-B408-4197-8E60-53293DC6B67C}"
EndProject
Global
	GlobalSection(SolutionConfigurationPlatforms) = preSolution
		Debug|Any CPU = Debug|Any CPU
		Release|Any CPU = Release|Any CPU
	EndGlobalSection
	GlobalSection(ProjectConfigurationPlatforms) = postSolution
		{710C3663-83B1-40AA-8850-6C1CCD0031C0}.Debug|Any CPU.ActiveCfg = Debug|Any CPU
		{710C3663-83B1-40AA-8850-6C1CCD0031C0}.Debug|Any CPU.Build.0 = Debug|Any CPU
		{710C3663-83B1-40AA-8850-6C1CCD0031C0}.Release|Any CPU.ActiveCfg = Release|Any CPU
		{710C3663-83B1-40AA-8850-6C1CCD0031C0}.Release|Any CPU.Build.0 = Release|Any CPU
		{12DE84FD-71FD-47D9-9B94-104A0BB5F7F2}.Debug|Any CPU.ActiveCfg = Debug|Any CPU
		{12DE84FD-71FD-47D9-9B94-104A0BB5F7F2}.Debug|Any CPU.Build.0 = Debug|Any CPU
		{12DE84FD-71FD-47D9-9B94-104A0BB5F7F2}.Release|Any CPU.ActiveCfg = Release|Any CPU
		{12DE84FD-71FD-47D9-9B94-104A0BB5F7F2}.Release|Any CPU.Build.0 = Release|Any CPU
		{6145CEEB-4E92-4E17-B50B-2AA2440CD05E}.Debug|Any CPU.ActiveCfg = Debug|Any CPU
		{6145CEEB-4E92-4E17-B50B-2AA2440CD05E}.Debug|Any CPU.Build.0 = Debug|Any CPU
		{6145CEEB-4E92-4E17-B50B-2AA2440CD05E}.Release|Any CPU.ActiveCfg = Release|Any CPU
		{6145CEEB-4E92-4E17-B50B-2AA2440CD05E}.Release|Any CPU.Build.0 = Release|Any CPU
		{74DD9BB5-AE6F-46A7-BADE-0C7EC33313A9}.Debug|Any CPU.ActiveCfg = Debug|Any CPU
		{74DD9BB5-AE6F-46A7-BADE-0C7EC33313A9}.Debug|Any CPU.Build.0 = Debug|Any CPU
		{74DD9BB5-AE6F-46A7-BADE-0C7EC33313A9}.Release|Any CPU.ActiveCfg = Release|Any CPU
		{74DD9BB5-AE6F-46A7-BADE-0C7EC33313A9}.Release|Any CPU.Build.0 = Release|Any CPU
		{E434A100-B408-4197-8E60-53293DC6B67C}.Debug|Any CPU.ActiveCfg = Debug|Any CPU
		{E434A100-B408-4197-8E60-53293DC6B67C}.Debug|Any CPU.Build.0 = Debug|Any CPU
		{E434A100-B408-4197-8E60-53293DC6B67C}.Release|Any CPU.ActiveCfg = Release|Any CPU
		{E434A100-B408-4197-8E60-53293DC6B67C}.Release|Any CPU.Build.0 = Release|Any CPU
	EndGlobalSection
	GlobalSection(SolutionProperties) = preSolution
		HideSolutionNode = FALSE
	EndGlobalSection
	GlobalSection(ExtensibilityGlobals) = postSolution
		SolutionGuid = {8CA94632-962D-46C5-B810-D9F11EC93684}
	EndGlobalSection
EndGlobal
